
Microsoft Visual Studio Solution File, Format Version 12.00
# Visual Studio Version 17
VisualStudioVersion = 17.9.34622.214
MinimumVisualStudioVersion = 10.0.40219.1
Project("{FAE04EC0-301F-11D3-BF4B-00C04F79EFBC}") = "CMP1903_A2_2324", "CMP1903_A2_2324\CMP1903_A2_2324.csproj", "{5F981F16-7B7B-4D18-A708-E88AB876F8F4}"
EndProject
Global
	GlobalSection(SolutionConfigurationPlatforms) = preSolution
		Debug|Any CPU = Debug|Any CPU
		Release|Any CPU = Release|Any CPU
	EndGlobalSection
	GlobalSection(ProjectConfigurationPlatforms) = postSolution
		{5F981F16-7B7B-4D18-A708-E88AB876F8F4}.Debug|Any CPU.ActiveCfg = Debug|Any CPU
		{5F981F16-7B7B-4D18-A708-E88AB876F8F4}.Debug|Any CPU.Build.0 = Debug|Any CPU
		{5F981F16-7B7B-4D18-A708-E88AB876F8F4}.Release|Any CPU.ActiveCfg = Release|Any CPU
		{5F981F16-7B7B-4D18-A708-E88AB876F8F4}.Release|Any CPU.Build.0 = Release|Any CPU
	EndGlobalSection
	GlobalSection(SolutionProperties) = preSolution
		HideSolutionNode = FALSE
	EndGlobalSection
	GlobalSection(ExtensibilityGlobals) = postSolution
		SolutionGuid = {7C80A461-D5C2-413F-AC3B-017865508E0F}
	EndGlobalSection
EndGlobal
